
Microsoft Visual Studio Solution File, Format Version 12.00
# Visual Studio Version 16
VisualStudioVersion = 16.0.32228.343
MinimumVisualStudioVersion = 10.0.40219.1
Project("{FAE04EC0-301F-11D3-BF4B-00C04F79EFBC}") = "VBS Compiler", "VBS Compiler\VBS Compiler.csproj", "{A0458A09-F8C7-460F-8CAC-57024AEBAF83}"
EndProject
Global
	GlobalSection(SolutionConfigurationPlatforms) = preSolution
		Debug|Any CPU = Debug|Any CPU
		Release|Any CPU = Release|Any CPU
	EndGlobalSection
	GlobalSection(ProjectConfigurationPlatforms) = postSolution
		{A0458A09-F8C7-460F-8CAC-57024AEBAF83}.Debug|Any CPU.ActiveCfg = Debug|Any CPU
		{A0458A09-F8C7-460F-8CAC-57024AEBAF83}.Debug|Any CPU.Build.0 = Debug|Any CPU
		{A0458A09-F8C7-460F-8CAC-57024AEBAF83}.Release|Any CPU.ActiveCfg = Release|Any CPU
		{A0458A09-F8C7-460F-8CAC-57024AEBAF83}.Release|Any CPU.Build.0 = Release|Any CPU
	EndGlobalSection
	GlobalSection(SolutionProperties) = preSolution
		HideSolutionNode = FALSE
	EndGlobalSection
	GlobalSection(ExtensibilityGlobals) = postSolution
		SolutionGuid = {D09D7909-98B3-4C0B-AF7F-A2FBFA939C4B}
	EndGlobalSection
EndGlobal
